PODS:
  - BrightFutures (5.1.0):
    - Result (~> 3.0)
  - Result (3.1.0)

DEPENDENCIES:
  - BrightFutures (~> 5.1.0)

SPEC CHECKSUMS:
  BrightFutures: 62aafb1a63520eda91c9286bf4be33e58e043938
  Result: 4e3ed5995ed94d0cd6a09be9a431fce3f3624bbf

PODFILE CHECKSUM: fca7178cbb26bddf51a3dbcc3a8a76e404fdb5e4

COCOAPODS: 1.1.1
