PODS:
  - Alamofire (4.4.0)
  - BrightFutures (5.1.0):
    - Result (~> 3.0)
  - GradientLoadingBar (1.1.0)
  - Kanna (2.1.1)
  - Realm (2.3.0):
    - Realm/Headers (= 2.3.0)
  - Realm/Headers (2.3.0)
  - RealmSwift (2.3.0):
    - Realm (= 2.3.0)
  - Result (3.2.1)

DEPENDENCIES:
  - Alamofire (~> 4.0)
  - BrightFutures (~> 5.1.0)
  - GradientLoadingBar (~> 1.0)
  - Kanna (~> 2.1.0)
  - RealmSwift (~> 2.3.0)

SPEC CHECKSUMS:
  Alamofire: dc44b1600b800eb63da6a19039a0083d62a6a62d
  BrightFutures: 62aafb1a63520eda91c9286bf4be33e58e043938
  GradientLoadingBar: df0316cbcb1dfcb32a7806223d75575d8f503555
  Kanna: 9b4b086c218703f2b94f5b21a466217dd2f9332e
  Realm: 69d7de9aa569a11eed490aaabc8f2109e3985ecf
  RealmSwift: dc6f99ea55e59490cec69c860f91932b6bf7efb6
  Result: 2453a22e5c5b11c0c3a478736e82cd02f763b781

PODFILE CHECKSUM: f3c78daf87634809c41f11b3dba0aa989c761d65

COCOAPODS: 1.1.1
